
Microsoft Visual Studio Solution File, Format Version 12.00
# Visual Studio Version 16
VisualStudioVersion = 16.0.30406.217
MinimumVisualStudioVersion = 10.0.40219.1
Project("{8BC9CEB8-8B4A-11D0-8D11-00A0C91BC942}") = "lab02 - 03", "lab02 - 03\lab02 - 03.vcxproj", "{DAB4DE73-7334-4350-8CD7-43209F74EAAF}"
EndProject
Global
	GlobalSection(SolutionConfigurationPlatforms) = preSolution
		Debug|x64 = Debug|x64
		Debug|x86 = Debug|x86
		Release|x64 = Release|x64
		Release|x86 = Release|x86
	EndGlobalSection
	GlobalSection(ProjectConfigurationPlatforms) = postSolution
		{DAB4DE73-7334-4350-8CD7-43209F74EAAF}.Debug|x64.ActiveCfg = Debug|x64
		{DAB4DE73-7334-4350-8CD7-43209F74EAAF}.Debug|x64.Build.0 = Debug|x64
		{DAB4DE73-7334-4350-8CD7-43209F74EAAF}.Debug|x86.ActiveCfg = Debug|Win32
		{DAB4DE73-7334-4350-8CD7-43209F74EAAF}.Debug|x86.Build.0 = Debug|Win32
		{DAB4DE73-7334-4350-8CD7-43209F74EAAF}.Release|x64.ActiveCfg = Release|x64
		{DAB4DE73-7334-4350-8CD7-43209F74EAAF}.Release|x64.Build.0 = Release|x64
		{DAB4DE73-7334-4350-8CD7-43209F74EAAF}.Release|x86.ActiveCfg = Release|Win32
		{DAB4DE73-7334-4350-8CD7-43209F74EAAF}.Release|x86.Build.0 = Release|Win32
	EndGlobalSection
	GlobalSection(SolutionProperties) = preSolution
		HideSolutionNode = FALSE
	EndGlobalSection
	GlobalSection(ExtensibilityGlobals) = postSolution
		SolutionGuid = {1BC76B91-630F-47ED-8200-EA389DCFC4B6}
	EndGlobalSection
EndGlobal
